
Microsoft Visual Studio Solution File, Format Version 12.00
# Visual Studio Version 16
VisualStudioVersion = 16.0.29102.190
MinimumVisualStudioVersion = 10.0.40219.1
Project("{FAE04EC0-301F-11D3-BF4B-00C04F79EFBC}") = "TPCOHAdmin", "TPCOHAdmin\TPCOHAdmin.csproj", "{9FE1ADB0-356D-495A-926A-7B49077D2C52}"
EndProject
Project("{FAE04EC0-301F-11D3-BF4B-00C04F79EFBC}") = "TPCOHAdmin.BAL", "TPCOHAdmin.BAL\TPCOHAdmin.BAL.csproj", "{5F9597B5-12CD-40B8-AF3E-0F844A173D8E}"
EndProject
Project("{FAE04EC0-301F-11D3-BF4B-00C04F79EFBC}") = "TPCOHAdmin.DAL", "TPCOHAdmin.DAL\TPCOHAdmin.DAL.csproj", "{20005E5A-EE27-4311-ADB4-60D9B51C2A78}"
EndProject
Global
	GlobalSection(SolutionConfigurationPlatforms) = preSolution
		Debug|Any CPU = Debug|Any CPU
		Release|Any CPU = Release|Any CPU
	EndGlobalSection
	GlobalSection(ProjectConfigurationPlatforms) = postSolution
		{9FE1ADB0-356D-495A-926A-7B49077D2C52}.Debug|Any CPU.ActiveCfg = Debug|Any CPU
		{9FE1ADB0-356D-495A-926A-7B49077D2C52}.Debug|Any CPU.Build.0 = Debug|Any CPU
		{9FE1ADB0-356D-495A-926A-7B49077D2C52}.Release|Any CPU.ActiveCfg = Release|Any CPU
		{9FE1ADB0-356D-495A-926A-7B49077D2C52}.Release|Any CPU.Build.0 = Release|Any CPU
		{5F9597B5-12CD-40B8-AF3E-0F844A173D8E}.Debug|Any CPU.ActiveCfg = Debug|Any CPU
		{5F9597B5-12CD-40B8-AF3E-0F844A173D8E}.Debug|Any CPU.Build.0 = Debug|Any CPU
		{5F9597B5-12CD-40B8-AF3E-0F844A173D8E}.Release|Any CPU.ActiveCfg = Release|Any CPU
		{5F9597B5-12CD-40B8-AF3E-0F844A173D8E}.Release|Any CPU.Build.0 = Release|Any CPU
		{20005E5A-EE27-4311-ADB4-60D9B51C2A78}.Debug|Any CPU.ActiveCfg = Debug|Any CPU
		{20005E5A-EE27-4311-ADB4-60D9B51C2A78}.Debug|Any CPU.Build.0 = Debug|Any CPU
		{20005E5A-EE27-4311-ADB4-60D9B51C2A78}.Release|Any CPU.ActiveCfg = Release|Any CPU
		{20005E5A-EE27-4311-ADB4-60D9B51C2A78}.Release|Any CPU.Build.0 = Release|Any CPU
	EndGlobalSection
	GlobalSection(SolutionProperties) = preSolution
		HideSolutionNode = FALSE
	EndGlobalSection
	GlobalSection(ExtensibilityGlobals) = postSolution
		SolutionGuid = {5F0E61F1-2C92-4706-9622-5098BA811AE0}
	EndGlobalSection
EndGlobal
